
Microsoft Visual Studio Solution File, Format Version 12.00
# Visual Studio 15
VisualStudioVersion = 15.0.28307.1525
MinimumVisualStudioVersion = 10.0.40219.1
Project("{FAE04EC0-301F-11D3-BF4B-00C04F79EFBC}") = "PartyInvites2", "PartyInvites2\PartyInvites2.csproj", "{A29C21DE-2AAB-45AF-B7DE-A21272C5D286}"
EndProject
Global
	GlobalSection(SolutionConfigurationPlatforms) = preSolution
		Debug|Any CPU = Debug|Any CPU
		Release|Any CPU = Release|Any CPU
	EndGlobalSection
	GlobalSection(ProjectConfigurationPlatforms) = postSolution
		{A29C21DE-2AAB-45AF-B7DE-A21272C5D286}.Debug|Any CPU.ActiveCfg = Debug|Any CPU
		{A29C21DE-2AAB-45AF-B7DE-A21272C5D286}.Debug|Any CPU.Build.0 = Debug|Any CPU
		{A29C21DE-2AAB-45AF-B7DE-A21272C5D286}.Release|Any CPU.ActiveCfg = Release|Any CPU
		{A29C21DE-2AAB-45AF-B7DE-A21272C5D286}.Release|Any CPU.Build.0 = Release|Any CPU
	EndGlobalSection
	GlobalSection(SolutionProperties) = preSolution
		HideSolutionNode = FALSE
	EndGlobalSection
	GlobalSection(ExtensibilityGlobals) = postSolution
		SolutionGuid = {0DB1C0C1-D458-4530-8424-F6C592DBD46D}
	EndGlobalSection
EndGlobal
